
Microsoft Visual Studio Solution File, Format Version 12.00
# Visual Studio Version 17
VisualStudioVersion = 17.0.31903.59
MinimumVisualStudioVersion = 10.0.40219.1
Project("{FAE04EC0-301F-11D3-BF4B-00C04F79EFBC}") = "MusiMe.Infrastructure", "MusiMe.Infrastructure\MusiMe.Infrastructure.csproj", "{210A3656-8D66-4415-9BFB-D9833105649F}"
EndProject
Project("{FAE04EC0-301F-11D3-BF4B-00C04F79EFBC}") = "MusiMe", "MusiMe\MusiMe.csproj", "{0FC7CB45-5265-47FF-B02A-59D7C8B3E3FD}"
EndProject
Project("{FAE04EC0-301F-11D3-BF4B-00C04F79EFBC}") = "MusiMe.Application", "MusiMe.Application\MusiMe.Application.csproj", "{AD58CEEB-7B67-4441-AE13-CBA32CA50029}"
EndProject
Project("{FAE04EC0-301F-11D3-BF4B-00C04F79EFBC}") = "MusiMe.Common", "MusiMe.Common\MusiMe.Common.csproj", "{635D4968-0289-4C51-A0ED-6CCAEBE5F374}"
EndProject
Project("{FAE04EC0-301F-11D3-BF4B-00C04F79EFBC}") = "MusiMe.Domain", "MusiMe.Domain\MusiMe.Domain.csproj", "{1A5AADD1-1DE5-45DF-A4E1-FFB60A6FB052}"
EndProject
Global
	GlobalSection(SolutionConfigurationPlatforms) = preSolution
		Debug|Any CPU = Debug|Any CPU
		Release|Any CPU = Release|Any CPU
	EndGlobalSection
	GlobalSection(SolutionProperties) = preSolution
		HideSolutionNode = FALSE
	EndGlobalSection
	GlobalSection(ProjectConfigurationPlatforms) = postSolution
		{210A3656-8D66-4415-9BFB-D9833105649F}.Debug|Any CPU.ActiveCfg = Debug|Any CPU
		{210A3656-8D66-4415-9BFB-D9833105649F}.Debug|Any CPU.Build.0 = Debug|Any CPU
		{210A3656-8D66-4415-9BFB-D9833105649F}.Release|Any CPU.ActiveCfg = Release|Any CPU
		{210A3656-8D66-4415-9BFB-D9833105649F}.Release|Any CPU.Build.0 = Release|Any CPU
		{0FC7CB45-5265-47FF-B02A-59D7C8B3E3FD}.Debug|Any CPU.ActiveCfg = Debug|Any CPU
		{0FC7CB45-5265-47FF-B02A-59D7C8B3E3FD}.Debug|Any CPU.Build.0 = Debug|Any CPU
		{0FC7CB45-5265-47FF-B02A-59D7C8B3E3FD}.Release|Any CPU.ActiveCfg = Release|Any CPU
		{0FC7CB45-5265-47FF-B02A-59D7C8B3E3FD}.Release|Any CPU.Build.0 = Release|Any CPU
		{AD58CEEB-7B67-4441-AE13-CBA32CA50029}.Debug|Any CPU.ActiveCfg = Debug|Any CPU
		{AD58CEEB-7B67-4441-AE13-CBA32CA50029}.Debug|Any CPU.Build.0 = Debug|Any CPU
		{AD58CEEB-7B67-4441-AE13-CBA32CA50029}.Release|Any CPU.ActiveCfg = Release|Any CPU
		{AD58CEEB-7B67-4441-AE13-CBA32CA50029}.Release|Any CPU.Build.0 = Release|Any CPU
		{635D4968-0289-4C51-A0ED-6CCAEBE5F374}.Debug|Any CPU.ActiveCfg = Debug|Any CPU
		{635D4968-0289-4C51-A0ED-6CCAEBE5F374}.Debug|Any CPU.Build.0 = Debug|Any CPU
		{635D4968-0289-4C51-A0ED-6CCAEBE5F374}.Release|Any CPU.ActiveCfg = Release|Any CPU
		{635D4968-0289-4C51-A0ED-6CCAEBE5F374}.Release|Any CPU.Build.0 = Release|Any CPU
		{1A5AADD1-1DE5-45DF-A4E1-FFB60A6FB052}.Debug|Any CPU.ActiveCfg = Debug|Any CPU
		{1A5AADD1-1DE5-45DF-A4E1-FFB60A6FB052}.Debug|Any CPU.Build.0 = Debug|Any CPU
		{1A5AADD1-1DE5-45DF-A4E1-FFB60A6FB052}.Release|Any CPU.ActiveCfg = Release|Any CPU
		{1A5AADD1-1DE5-45DF-A4E1-FFB60A6FB052}.Release|Any CPU.Build.0 = Release|Any CPU
	EndGlobalSection
EndGlobal
